
Microsoft Visual Studio Solution File, Format Version 12.00
# Visual Studio Version 16
VisualStudioVersion = 16.0.30011.22
MinimumVisualStudioVersion = 10.0.40219.1
Project("{8BC9CEB8-8B4A-11D0-8D11-00A0C91BC942}") = "基于多态的咖啡厅管理系统", "基于多态的咖啡厅管理系统.vcxproj", "{E11A2E4D-9205-4B05-BD47-38FB6ADF5E23}"
EndProject
Global
	GlobalSection(SolutionConfigurationPlatforms) = preSolution
		Debug|x64 = Debug|x64
		Debug|x86 = Debug|x86
		Release|x64 = Release|x64
		Release|x86 = Release|x86
	EndGlobalSection
	GlobalSection(ProjectConfigurationPlatforms) = postSolution
		{E11A2E4D-9205-4B05-BD47-38FB6ADF5E23}.Debug|x64.ActiveCfg = Debug|x64
		{E11A2E4D-9205-4B05-BD47-38FB6ADF5E23}.Debug|x64.Build.0 = Debug|x64
		{E11A2E4D-9205-4B05-BD47-38FB6ADF5E23}.Debug|x86.ActiveCfg = Debug|Win32
		{E11A2E4D-9205-4B05-BD47-38FB6ADF5E23}.Debug|x86.Build.0 = Debug|Win32
		{E11A2E4D-9205-4B05-BD47-38FB6ADF5E23}.Release|x64.ActiveCfg = Release|x64
		{E11A2E4D-9205-4B05-BD47-38FB6ADF5E23}.Release|x64.Build.0 = Release|x64
		{E11A2E4D-9205-4B05-BD47-38FB6ADF5E23}.Release|x86.ActiveCfg = Release|Win32
		{E11A2E4D-9205-4B05-BD47-38FB6ADF5E23}.Release|x86.Build.0 = Release|Win32
	EndGlobalSection
	GlobalSection(SolutionProperties) = preSolution
		HideSolutionNode = FALSE
	EndGlobalSection
	GlobalSection(ExtensibilityGlobals) = postSolution
		SolutionGuid = {E2E9CC5C-04D2-4D9D-862B-6BB507476B71}
	EndGlobalSection
EndGlobal
